
Microsoft Visual Studio Solution File, Format Version 12.00
# Visual Studio 2013
VisualStudioVersion = 12.0.31101.0
MinimumVisualStudioVersion = 10.0.40219.1
Project("{FAE04EC0-301F-11D3-BF4B-00C04F79EFBC}") = "TrackR", "TrackR\TrackR.csproj", "{AAC679EE-C36C-4000-ADA4-30ACA842ED2F}"
EndProject
Project("{FAE04EC0-301F-11D3-BF4B-00C04F79EFBC}") = "TrackR.OData", "TrackR.OData\TrackR.OData.csproj", "{B5D1A4E0-A370-4FCE-88D1-102760EED29B}"
EndProject
Project("{FAE04EC0-301F-11D3-BF4B-00C04F79EFBC}") = "TestDriver", "TestDriver\TestDriver.csproj", "{2A33445F-DB44-4912-BC29-BF2A3E56F5B6}"
EndProject
Project("{2150E333-8FDC-42A3-9474-1A3956D46DE8}") = "Test", "Test", "{4B09340A-2A7A-4BBE-B890-ABD072744E6A}"
EndProject
Project("{FAE04EC0-301F-11D3-BF4B-00C04F79EFBC}") = "UnitTests", "UnitTests\UnitTests.csproj", "{452684EA-5AE1-41A7-8934-734D6701F227}"
EndProject
Project("{FAE04EC0-301F-11D3-BF4B-00C04F79EFBC}") = "IntegrationTests", "IntegrationTests\IntegrationTests.csproj", "{0699DED8-B279-4151-A7BE-AE1ED1C89C5B}"
EndProject
Project("{FAE04EC0-301F-11D3-BF4B-00C04F79EFBC}") = "TestSite", "TestSite\TestSite.csproj", "{FF7D40BF-7902-43C2-9646-E9EEE8329182}"
EndProject
Project("{FAE04EC0-301F-11D3-BF4B-00C04F79EFBC}") = "TestData", "TestData\TestData.csproj", "{E991DEF2-8309-46BA-A4D7-5C03412F2513}"
EndProject
Global
	GlobalSection(SolutionConfigurationPlatforms) = preSolution
		Debug|Any CPU = Debug|Any CPU
		Release|Any CPU = Release|Any CPU
	EndGlobalSection
	GlobalSection(ProjectConfigurationPlatforms) = postSolution
		{AAC679EE-C36C-4000-ADA4-30ACA842ED2F}.Debug|Any CPU.ActiveCfg = Debug|Any CPU
		{AAC679EE-C36C-4000-ADA4-30ACA842ED2F}.Debug|Any CPU.Build.0 = Debug|Any CPU
		{AAC679EE-C36C-4000-ADA4-30ACA842ED2F}.Release|Any CPU.ActiveCfg = Release|Any CPU
		{AAC679EE-C36C-4000-ADA4-30ACA842ED2F}.Release|Any CPU.Build.0 = Release|Any CPU
		{B5D1A4E0-A370-4FCE-88D1-102760EED29B}.Debug|Any CPU.ActiveCfg = Debug|Any CPU
		{B5D1A4E0-A370-4FCE-88D1-102760EED29B}.Debug|Any CPU.Build.0 = Debug|Any CPU
		{B5D1A4E0-A370-4FCE-88D1-102760EED29B}.Release|Any CPU.ActiveCfg = Release|Any CPU
		{B5D1A4E0-A370-4FCE-88D1-102760EED29B}.Release|Any CPU.Build.0 = Release|Any CPU
		{2A33445F-DB44-4912-BC29-BF2A3E56F5B6}.Debug|Any CPU.ActiveCfg = Debug|Any CPU
		{2A33445F-DB44-4912-BC29-BF2A3E56F5B6}.Debug|Any CPU.Build.0 = Debug|Any CPU
		{2A33445F-DB44-4912-BC29-BF2A3E56F5B6}.Release|Any CPU.ActiveCfg = Release|Any CPU
		{2A33445F-DB44-4912-BC29-BF2A3E56F5B6}.Release|Any CPU.Build.0 = Release|Any CPU
		{452684EA-5AE1-41A7-8934-734D6701F227}.Debug|Any CPU.ActiveCfg = Debug|Any CPU
		{452684EA-5AE1-41A7-8934-734D6701F227}.Debug|Any CPU.Build.0 = Debug|Any CPU
		{452684EA-5AE1-41A7-8934-734D6701F227}.Release|Any CPU.ActiveCfg = Release|Any CPU
		{452684EA-5AE1-41A7-8934-734D6701F227}.Release|Any CPU.Build.0 = Release|Any CPU
		{0699DED8-B279-4151-A7BE-AE1ED1C89C5B}.Debug|Any CPU.ActiveCfg = Debug|Any CPU
		{0699DED8-B279-4151-A7BE-AE1ED1C89C5B}.Debug|Any CPU.Build.0 = Debug|Any CPU
		{0699DED8-B279-4151-A7BE-AE1ED1C89C5B}.Release|Any CPU.ActiveCfg = Release|Any CPU
		{0699DED8-B279-4151-A7BE-AE1ED1C89C5B}.Release|Any CPU.Build.0 = Release|Any CPU
		{FF7D40BF-7902-43C2-9646-E9EEE8329182}.Debug|Any CPU.ActiveCfg = Debug|Any CPU
		{FF7D40BF-7902-43C2-9646-E9EEE8329182}.Debug|Any CPU.Build.0 = Debug|Any CPU
		{FF7D40BF-7902-43C2-9646-E9EEE8329182}.Release|Any CPU.ActiveCfg = Release|Any CPU
		{FF7D40BF-7902-43C2-9646-E9EEE8329182}.Release|Any CPU.Build.0 = Release|Any CPU
		{E991DEF2-8309-46BA-A4D7-5C03412F2513}.Debug|Any CPU.ActiveCfg = Debug|Any CPU
		{E991DEF2-8309-46BA-A4D7-5C03412F2513}.Debug|Any CPU.Build.0 = Debug|Any CPU
		{E991DEF2-8309-46BA-A4D7-5C03412F2513}.Release|Any CPU.ActiveCfg = Release|Any CPU
		{E991DEF2-8309-46BA-A4D7-5C03412F2513}.Release|Any CPU.Build.0 = Release|Any CPU
	EndGlobalSection
	GlobalSection(SolutionProperties) = preSolution
		HideSolutionNode = FALSE
	EndGlobalSection
	GlobalSection(NestedProjects) = preSolution
		{2A33445F-DB44-4912-BC29-BF2A3E56F5B6} = {4B09340A-2A7A-4BBE-B890-ABD072744E6A}
		{452684EA-5AE1-41A7-8934-734D6701F227} = {4B09340A-2A7A-4BBE-B890-ABD072744E6A}
		{0699DED8-B279-4151-A7BE-AE1ED1C89C5B} = {4B09340A-2A7A-4BBE-B890-ABD072744E6A}
		{FF7D40BF-7902-43C2-9646-E9EEE8329182} = {4B09340A-2A7A-4BBE-B890-ABD072744E6A}
		{E991DEF2-8309-46BA-A4D7-5C03412F2513} = {4B09340A-2A7A-4BBE-B890-ABD072744E6A}
	EndGlobalSection
EndGlobal
