
Microsoft Visual Studio Solution File, Format Version 12.00
# Visual Studio 15
VisualStudioVersion = 15.0.27130.2027
MinimumVisualStudioVersion = 10.0.40219.1
Project("{FAE04EC0-301F-11D3-BF4B-00C04F79EFBC}") = "TrackR.Client", "TrackR.Client\TrackR.Client.csproj", "{AAC679EE-C36C-4000-ADA4-30ACA842ED2F}"
EndProject
Project("{FAE04EC0-301F-11D3-BF4B-00C04F79EFBC}") = "TrackR.Controller.EF6", "TrackR.Controller.EF6\TrackR.Controller.EF6.csproj", "{3A34F4F9-BB6C-41A8-86EF-DB341EE93473}"
EndProject
Project("{FAE04EC0-301F-11D3-BF4B-00C04F79EFBC}") = "TrackR.WebApi2", "TrackR.WebApi2\TrackR.WebApi2.csproj", "{2F6602D8-1D0B-4B89-A4BA-83595F3D8299}"
EndProject
Project("{FAE04EC0-301F-11D3-BF4B-00C04F79EFBC}") = "TrackR2.Core", "TrackR2.Core\TrackR2.Core.csproj", "{B85964C2-34F1-48F8-8864-3FB7939B5E8D}"
EndProject
Project("{FAE04EC0-301F-11D3-BF4B-00C04F79EFBC}") = "TrackR.Common", "TrackR.Common\TrackR.Common.csproj", "{86512EA3-99FB-4271-8116-0A62069D4DE3}"
EndProject
Global
	GlobalSection(SolutionConfigurationPlatforms) = preSolution
		Debug|Any CPU = Debug|Any CPU
		Release|Any CPU = Release|Any CPU
	EndGlobalSection
	GlobalSection(ProjectConfigurationPlatforms) = postSolution
		{AAC679EE-C36C-4000-ADA4-30ACA842ED2F}.Debug|Any CPU.ActiveCfg = Debug|Any CPU
		{AAC679EE-C36C-4000-ADA4-30ACA842ED2F}.Debug|Any CPU.Build.0 = Debug|Any CPU
		{AAC679EE-C36C-4000-ADA4-30ACA842ED2F}.Release|Any CPU.ActiveCfg = Release|Any CPU
		{AAC679EE-C36C-4000-ADA4-30ACA842ED2F}.Release|Any CPU.Build.0 = Release|Any CPU
		{3A34F4F9-BB6C-41A8-86EF-DB341EE93473}.Debug|Any CPU.ActiveCfg = Debug|Any CPU
		{3A34F4F9-BB6C-41A8-86EF-DB341EE93473}.Debug|Any CPU.Build.0 = Debug|Any CPU
		{3A34F4F9-BB6C-41A8-86EF-DB341EE93473}.Release|Any CPU.ActiveCfg = Release|Any CPU
		{3A34F4F9-BB6C-41A8-86EF-DB341EE93473}.Release|Any CPU.Build.0 = Release|Any CPU
		{2F6602D8-1D0B-4B89-A4BA-83595F3D8299}.Debug|Any CPU.ActiveCfg = Debug|Any CPU
		{2F6602D8-1D0B-4B89-A4BA-83595F3D8299}.Debug|Any CPU.Build.0 = Debug|Any CPU
		{2F6602D8-1D0B-4B89-A4BA-83595F3D8299}.Release|Any CPU.ActiveCfg = Release|Any CPU
		{2F6602D8-1D0B-4B89-A4BA-83595F3D8299}.Release|Any CPU.Build.0 = Release|Any CPU
		{B85964C2-34F1-48F8-8864-3FB7939B5E8D}.Debug|Any CPU.ActiveCfg = Debug|Any CPU
		{B85964C2-34F1-48F8-8864-3FB7939B5E8D}.Debug|Any CPU.Build.0 = Debug|Any CPU
		{B85964C2-34F1-48F8-8864-3FB7939B5E8D}.Release|Any CPU.ActiveCfg = Release|Any CPU
		{B85964C2-34F1-48F8-8864-3FB7939B5E8D}.Release|Any CPU.Build.0 = Release|Any CPU
		{86512EA3-99FB-4271-8116-0A62069D4DE3}.Debug|Any CPU.ActiveCfg = Debug|Any CPU
		{86512EA3-99FB-4271-8116-0A62069D4DE3}.Debug|Any CPU.Build.0 = Debug|Any CPU
		{86512EA3-99FB-4271-8116-0A62069D4DE3}.Release|Any CPU.ActiveCfg = Release|Any CPU
		{86512EA3-99FB-4271-8116-0A62069D4DE3}.Release|Any CPU.Build.0 = Release|Any CPU
	EndGlobalSection
	GlobalSection(SolutionProperties) = preSolution
		HideSolutionNode = FALSE
	EndGlobalSection
	GlobalSection(ExtensibilityGlobals) = postSolution
		SolutionGuid = {311D23A3-0311-4A06-AA96-45A36FA6AB5D}
	EndGlobalSection
EndGlobal
